{
  "name": "megatagger",
  "version": "1.0.0",
  "lockfileVersion": 1,
  "requires": true,
  "dependencies": {
    "compromise": {
      "version": "11.14.3",
      "resolved": "https://registry.npmjs.org/compromise/-/compromise-11.14.3.tgz",
      "integrity": "sha512-d+DA2l/M6l/Af9a2xXh3QBVQUqZvwPk2JamaCKJwPxO8VI3HvSeYK1ICAXI72FgXbx12mAkTucauhxol07k0/A==",
      "requires": {
        "efrt-unpack": "2.2.0"
      }
    },
    "efrt-unpack": {
      "version": "2.2.0",
      "resolved": "https://registry.npmjs.org/efrt-unpack/-/efrt-unpack-2.2.0.tgz",
      "integrity": "sha512-9xUSSj7qcUxz+0r4X3+bwUNttEfGfK5AH+LVa1aTpqdAfrN5VhROYCfcF+up4hp5OL7IUKcZJJrzAGipQRDoiQ=="
    },
    "wink-distance": {
      "version": "2.0.0",
      "resolved": "https://registry.npmjs.org/wink-distance/-/wink-distance-2.0.0.tgz",
      "integrity": "sha512-xJn1rbT/I23q0CZjyvQzzax2XAnCWsOcxowKJheiDflYawF7vG1uN1mDeLy0gmgw3IqRwg0HX1I/9NUW+purqg==",
      "requires": {
        "wink-helpers": "^2.0.0",
        "wink-jaro-distance": "^2.0.0"
      }
    },
    "wink-helpers": {
      "version": "2.0.0",
      "resolved": "https://registry.npmjs.org/wink-helpers/-/wink-helpers-2.0.0.tgz",
      "integrity": "sha512-I/ZzXrHcNRXuoeFJmp2vMVqDI6UCK02Tds1WP4kSGAmx520gjL1BObVzF7d2ps24tyHIly9ngdB2jwhlFUjPvg=="
    },
    "wink-jaro-distance": {
      "version": "2.0.0",
      "resolved": "https://registry.npmjs.org/wink-jaro-distance/-/wink-jaro-distance-2.0.0.tgz",
      "integrity": "sha512-9bcUaXCi9N8iYpGWbFkf83OsBkg17r4hEyxusEzl+nnReLRPqxhB9YNeRn3g54SYnVRNXP029lY3HDsbdxTAuA=="
    },
    "wink-nlp-utils": {
      "version": "2.0.5",
      "resolved": "https://registry.npmjs.org/wink-nlp-utils/-/wink-nlp-utils-2.0.5.tgz",
      "integrity": "sha512-/vUHYmtAyC9+xwkymqVFS9BG9C+45ixhvfeXW29nH8Xc3gaxR8F8U0TQHvOq+1b6ajHQZ6Z0eyukRZf1gXqBJQ==",
      "requires": {
        "wink-distance": "^2.0.0",
        "wink-helpers": "^2.0.0",
        "wink-porter2-stemmer": "^2.0.0",
        "wink-tokenizer": "^5.2.1"
      }
    },
    "wink-porter2-stemmer": {
      "version": "2.0.1",
      "resolved": "https://registry.npmjs.org/wink-porter2-stemmer/-/wink-porter2-stemmer-2.0.1.tgz",
      "integrity": "sha512-0g+RkkqhRXFmSpJQStVXW5N/WsshWpJXsoDRW7DwVkGI2uDT6IBCoq3xdH5p6IHLaC6ygk7RWUsUx4alKxoagQ=="
    },
    "wink-tokenizer": {
      "version": "5.2.1",
      "resolved": "https://registry.npmjs.org/wink-tokenizer/-/wink-tokenizer-5.2.1.tgz",
      "integrity": "sha512-8WwUToAUvioN6zYCAgtgmqLZEgkLs9whJMVsd/l0NbWynRCz2HreP/YF9OzRS48H4kLIQCP0//ZvGw1cwVz2sg=="
    }
  }
}
