{
  "name": "sherlockshuffle4",
  "version": "1.0.0",
  "lockfileVersion": 1,
  "requires": true,
  "dependencies": {
    "@types/color-name": {
      "version": "1.1.1",
      "resolved": "https://registry.npmjs.org/@types/color-name/-/color-name-1.1.1.tgz",
      "integrity": "sha512-rr+OQyAjxze7GgWrSaJwydHStIhHq2lvY3BOC2Mj7KnzI7XK0Uw1TOOdI9lDoajEbSWLiYgoo4f1R51erQfhPQ=="
    },
    "ansi-regex": {
      "version": "4.1.0",
      "resolved": "https://registry.npmjs.org/ansi-regex/-/ansi-regex-4.1.0.tgz",
      "integrity": "sha512-1apePfXM1UOSqw0o9IiFAovVz9M5S1Dg+4TrDwfMewQ6p/rmMueb7tWZjQ1rx4Loy1ArBggoqGpfqqdI4rondg=="
    },
    "ansi-styles": {
      "version": "3.2.1",
      "resolved": "https://registry.npmjs.org/ansi-styles/-/ansi-styles-3.2.1.tgz",
      "integrity": "sha512-VT0ZI6kZRdTh8YyJw3SMbYm/u+NqfsAxEpWO0Pf9sq8/e94WxxOpPKx9FR1FlyCtOVDNOQ+8ntlqFxiRc+r5qA==",
      "requires": {
        "color-convert": "^1.9.0"
      }
    },
    "camelcase": {
      "version": "5.3.1",
      "resolved": "https://registry.npmjs.org/camelcase/-/camelcase-5.3.1.tgz",
      "integrity": "sha512-L28STB170nwWS63UjtlEOE3dldQApaJXZkOI1uMFfzf3rRuPegHaHesyee+YxQ+W6SvRDQV6UrdOdRiR153wJg=="
    },
    "chalk": {
      "version": "3.0.0",
      "resolved": "https://registry.npmjs.org/chalk/-/chalk-3.0.0.tgz",
      "integrity": "sha512-4D3B6Wf41KOYRFdszmDqMCGq5VV/uMAB273JILmO+3jAlh8X4qDtdtgCR3fxtbLEMzSx22QdhnDcJvu2u1fVwg==",
      "requires": {
        "ansi-styles": "^4.1.0",
        "supports-color": "^7.1.0"
      },
      "dependencies": {
        "ansi-styles": {
          "version": "4.2.0",
          "resolved": "https://registry.npmjs.org/ansi-styles/-/ansi-styles-4.2.0.tgz",
          "integrity": "sha512-7kFQgnEaMdRtwf6uSfUnVr9gSGC7faurn+J/Mv90/W+iTtN0405/nLdopfMWwchyxhbGYl6TC4Sccn9TUkGAgg==",
          "requires": {
            "@types/color-name": "^1.1.1",
            "color-convert": "^2.0.1"
          }
        },
        "color-convert": {
          "version": "2.0.1",
          "resolved": "https://registry.npmjs.org/color-convert/-/color-convert-2.0.1.tgz",
          "integrity": "sha512-RRECPsj7iu/xb5oKYcsFHSppFNnsj/52OVTRKb4zP5onXwVF3zVmmToNcOfGC+CRDpfK/U584fMg38ZHCaElKQ==",
          "requires": {
            "color-name": "~1.1.4"
          }
        },
        "color-name": {
          "version": "1.1.4",
          "resolved": "https://registry.npmjs.org/color-name/-/color-name-1.1.4.tgz",
          "integrity": "sha512-dOy+3AuW3a2wNbZHIuMZpTcgjGuLU/uBL/ubcZF9OXbDo8ff4O8yVp5Bf0efS8uEoYo5q4Fx7dY9OgQGXgAsQA=="
        }
      }
    },
    "cli-cursor": {
      "version": "3.1.0",
      "resolved": "https://registry.npmjs.org/cli-cursor/-/cli-cursor-3.1.0.tgz",
      "integrity": "sha512-I/zHAwsKf9FqGoXM4WWRACob9+SNukZTd94DWF57E4toouRulbCxcUh6RKUEOQlYTHJnzkPMySvPNaaSLNfLZw==",
      "requires": {
        "restore-cursor": "^3.1.0"
      }
    },
    "cli-spinners": {
      "version": "2.2.0",
      "resolved": "https://registry.npmjs.org/cli-spinners/-/cli-spinners-2.2.0.tgz",
      "integrity": "sha512-tgU3fKwzYjiLEQgPMD9Jt+JjHVL9kW93FiIMX/l7rivvOD4/LL0Mf7gda3+4U2KJBloybwgj5KEoQgGRioMiKQ=="
    },
    "cliui": {
      "version": "5.0.0",
      "resolved": "https://registry.npmjs.org/cliui/-/cliui-5.0.0.tgz",
      "integrity": "sha512-PYeGSEmmHM6zvoef2w8TPzlrnNpXIjTipYK780YswmIP9vjxmd6Y2a3CB2Ks6/AU8NHjZugXvo8w3oWM2qnwXA==",
      "requires": {
        "string-width": "^3.1.0",
        "strip-ansi": "^5.2.0",
        "wrap-ansi": "^5.1.0"
      }
    },
    "clone": {
      "version": "1.0.4",
      "resolved": "https://registry.npmjs.org/clone/-/clone-1.0.4.tgz",
      "integrity": "sha1-2jCcwmPfFZlMaIypAheco8fNfH4="
    },
    "color-convert": {
      "version": "1.9.3",
      "resolved": "https://registry.npmjs.org/color-convert/-/color-convert-1.9.3.tgz",
      "integrity": "sha512-QfAUtd+vFdAtFQcC8CCyYt1fYWxSqAiK2cSD6zDB8N3cpsEBAvRxp9zOGg6G/SHHJYAT88/az/IuDGALsNVbGg==",
      "requires": {
        "color-name": "1.1.3"
      }
    },
    "color-name": {
      "version": "1.1.3",
      "resolved": "https://registry.npmjs.org/color-name/-/color-name-1.1.3.tgz",
      "integrity": "sha1-p9BVi9icQveV3UIyj3QIMcpTvCU="
    },
    "decamelize": {
      "version": "1.2.0",
      "resolved": "https://registry.npmjs.org/decamelize/-/decamelize-1.2.0.tgz",
      "integrity": "sha1-9lNNFRSCabIDUue+4m9QH5oZEpA="
    },
    "defaults": {
      "version": "1.0.3",
      "resolved": "https://registry.npmjs.org/defaults/-/defaults-1.0.3.tgz",
      "integrity": "sha1-xlYFHpgX2f8I7YgUd/P+QBnz730=",
      "requires": {
        "clone": "^1.0.2"
      }
    },
    "emoji-regex": {
      "version": "7.0.3",
      "resolved": "https://registry.npmjs.org/emoji-regex/-/emoji-regex-7.0.3.tgz",
      "integrity": "sha512-CwBLREIQ7LvYFB0WyRvwhq5N5qPhc6PMjD6bYggFlI5YyDgl+0vxq5VHbMOFqLg7hfWzmu8T5Z1QofhmTIhItA=="
    },
    "escape-string-regexp": {
      "version": "1.0.5",
      "resolved": "https://registry.npmjs.org/escape-string-regexp/-/escape-string-regexp-1.0.5.tgz",
      "integrity": "sha1-G2HAViGQqN/2rjuyzwIAyhMLhtQ="
    },
    "expand-contractions": {
      "version": "1.0.1",
      "resolved": "https://registry.npmjs.org/expand-contractions/-/expand-contractions-1.0.1.tgz",
      "integrity": "sha512-DPysDL6nIbqoNs7oo7Ud+ZKTmSZ9iCC2AUnVJmLw3+/YOafcYd2Wu+3NFpqD6ZTZeYhEoOb/2weCiLcn/WSwLA=="
    },
    "find-up": {
      "version": "3.0.0",
      "resolved": "https://registry.npmjs.org/find-up/-/find-up-3.0.0.tgz",
      "integrity": "sha512-1yD6RmLI1XBfxugvORwlck6f75tYL+iR0jqwsOrOxMZyGYqUuDhJ0l4AXdO1iX/FTs9cBAMEk1gWSEx1kSbylg==",
      "requires": {
        "locate-path": "^3.0.0"
      }
    },
    "get-caller-file": {
      "version": "2.0.5",
      "resolved": "https://registry.npmjs.org/get-caller-file/-/get-caller-file-2.0.5.tgz",
      "integrity": "sha512-DyFP3BM/3YHTQOCUL/w0OZHR0lpKeGrxotcHWcqNEdnltqFwXVfhEBQ94eIo34AfQpo0rGki4cyIiftY06h2Fg=="
    },
    "has-flag": {
      "version": "4.0.0",
      "resolved": "https://registry.npmjs.org/has-flag/-/has-flag-4.0.0.tgz",
      "integrity": "sha512-EykJT/Q1KjTWctppgIAgfSO0tKVuZUjhgMr17kqTumMl6Afv3EISleU7qZUzoXDFTAHTDC4NOoG/ZxU3EvlMPQ=="
    },
    "is-fullwidth-code-point": {
      "version": "2.0.0",
      "resolved": "https://registry.npmjs.org/is-fullwidth-code-point/-/is-fullwidth-code-point-2.0.0.tgz",
      "integrity": "sha1-o7MKXE8ZkYMWeqq5O+764937ZU8="
    },
    "is-interactive": {
      "version": "1.0.0",
      "resolved": "https://registry.npmjs.org/is-interactive/-/is-interactive-1.0.0.tgz",
      "integrity": "sha512-2HvIEKRoqS62guEC+qBjpvRubdX910WCMuJTZ+I9yvqKU2/12eSL549HMwtabb4oupdj2sMP50k+XJfB/8JE6w=="
    },
    "locate-path": {
      "version": "3.0.0",
      "resolved": "https://registry.npmjs.org/locate-path/-/locate-path-3.0.0.tgz",
      "integrity": "sha512-7AO748wWnIhNqAuaty2ZWHkQHRSNfPVIsPIfwEOWO22AmaoVrWavlOcMR5nzTLNYvp36X220/maaRsrec1G65A==",
      "requires": {
        "p-locate": "^3.0.0",
        "path-exists": "^3.0.0"
      }
    },
    "log-symbols": {
      "version": "3.0.0",
      "resolved": "https://registry.npmjs.org/log-symbols/-/log-symbols-3.0.0.tgz",
      "integrity": "sha512-dSkNGuI7iG3mfvDzUuYZyvk5dD9ocYCYzNU6CYDE6+Xqd+gwme6Z00NS3dUh8mq/73HaEtT7m6W+yUPtU6BZnQ==",
      "requires": {
        "chalk": "^2.4.2"
      },
      "dependencies": {
        "chalk": {
          "version": "2.4.2",
          "resolved": "https://registry.npmjs.org/chalk/-/chalk-2.4.2.tgz",
          "integrity": "sha512-Mti+f9lpJNcwF4tWV8/OrTTtF1gZi+f8FqlyAdouralcFWFQWF2+NgCHShjkCb+IFBLq9buZwE1xckQU4peSuQ==",
          "requires": {
            "ansi-styles": "^3.2.1",
            "escape-string-regexp": "^1.0.5",
            "supports-color": "^5.3.0"
          }
        },
        "has-flag": {
          "version": "3.0.0",
          "resolved": "https://registry.npmjs.org/has-flag/-/has-flag-3.0.0.tgz",
          "integrity": "sha1-tdRU3CGZriJWmfNGfloH87lVuv0="
        },
        "supports-color": {
          "version": "5.5.0",
          "resolved": "https://registry.npmjs.org/supports-color/-/supports-color-5.5.0.tgz",
          "integrity": "sha512-QjVjwdXIt408MIiAqCX4oUKsgU2EqAGzs2Ppkm4aQYbjm+ZEWEcW4SfFNTr4uMNZma0ey4f5lgLrkB0aX0QMow==",
          "requires": {
            "has-flag": "^3.0.0"
          }
        }
      }
    },
    "mimic-fn": {
      "version": "2.1.0",
      "resolved": "https://registry.npmjs.org/mimic-fn/-/mimic-fn-2.1.0.tgz",
      "integrity": "sha512-OqbOk5oEQeAZ8WXWydlu9HJjz9WVdEIvamMCcXmuqUYjTknH/sqsWvhQ3vgwKFRR1HpjvNBKQ37nbJgYzGqGcg=="
    },
    "mute-stream": {
      "version": "0.0.8",
      "resolved": "https://registry.npmjs.org/mute-stream/-/mute-stream-0.0.8.tgz",
      "integrity": "sha512-nnbWWOkoWyUsTjKrhgD0dcz22mdkSnpYqbEjIm2nhwhuxlSkpywJmBo8h0ZqJdkp73mb90SssHkN4rsRaBAfAA=="
    },
    "onetime": {
      "version": "5.1.0",
      "resolved": "https://registry.npmjs.org/onetime/-/onetime-5.1.0.tgz",
      "integrity": "sha512-5NcSkPHhwTVFIQN+TUqXoS5+dlElHXdpAWu9I0HP20YOtIi+aZ0Ct82jdlILDxjLEAWwvm+qj1m6aEtsDVmm6Q==",
      "requires": {
        "mimic-fn": "^2.1.0"
      }
    },
    "ora": {
      "version": "4.0.3",
      "resolved": "https://registry.npmjs.org/ora/-/ora-4.0.3.tgz",
      "integrity": "sha512-fnDebVFyz309A73cqCipVL1fBZewq4vwgSHfxh43vVy31mbyoQ8sCH3Oeaog/owYOs/lLlGVPCISQonTneg6Pg==",
      "requires": {
        "chalk": "^3.0.0",
        "cli-cursor": "^3.1.0",
        "cli-spinners": "^2.2.0",
        "is-interactive": "^1.0.0",
        "log-symbols": "^3.0.0",
        "mute-stream": "0.0.8",
        "strip-ansi": "^6.0.0",
        "wcwidth": "^1.0.1"
      },
      "dependencies": {
        "ansi-regex": {
          "version": "5.0.0",
          "resolved": "https://registry.npmjs.org/ansi-regex/-/ansi-regex-5.0.0.tgz",
          "integrity": "sha512-bY6fj56OUQ0hU1KjFNDQuJFezqKdrAyFdIevADiqrWHwSlbmBNMHp5ak2f40Pm8JTFyM2mqxkG6ngkHO11f/lg=="
        },
        "strip-ansi": {
          "version": "6.0.0",
          "resolved": "https://registry.npmjs.org/strip-ansi/-/strip-ansi-6.0.0.tgz",
          "integrity": "sha512-AuvKTrTfQNYNIctbR1K/YGTR1756GycPsg7b9bdV9Duqur4gv6aKqHXah67Z8ImS7WEz5QVcOtlfW2rZEugt6w==",
          "requires": {
            "ansi-regex": "^5.0.0"
          }
        }
      }
    },
    "p-limit": {
      "version": "2.2.1",
      "resolved": "https://registry.npmjs.org/p-limit/-/p-limit-2.2.1.tgz",
      "integrity": "sha512-85Tk+90UCVWvbDavCLKPOLC9vvY8OwEX/RtKF+/1OADJMVlFfEHOiMTPVyxg7mk/dKa+ipdHm0OUkTvCpMTuwg==",
      "requires": {
        "p-try": "^2.0.0"
      }
    },
    "p-locate": {
      "version": "3.0.0",
      "resolved": "https://registry.npmjs.org/p-locate/-/p-locate-3.0.0.tgz",
      "integrity": "sha512-x+12w/To+4GFfgJhBEpiDcLozRJGegY+Ei7/z0tSLkMmxGZNybVMSfWj9aJn8Z5Fc7dBUNJOOVgPv2H7IwulSQ==",
      "requires": {
        "p-limit": "^2.0.0"
      }
    },
    "p-try": {
      "version": "2.2.0",
      "resolved": "https://registry.npmjs.org/p-try/-/p-try-2.2.0.tgz",
      "integrity": "sha512-R4nPAVTAU0B9D35/Gk3uJf/7XYbQcyohSKdvAxIRSNghFl4e71hVoGnBNQz9cWaXxO2I10KTC+3jMdvvoKw6dQ=="
    },
    "path-exists": {
      "version": "3.0.0",
      "resolved": "https://registry.npmjs.org/path-exists/-/path-exists-3.0.0.tgz",
      "integrity": "sha1-zg6+ql94yxiSXqfYENe1mwEP1RU="
    },
    "pos2tracery": {
      "version": "1.1.0",
      "resolved": "https://registry.npmjs.org/pos2tracery/-/pos2tracery-1.1.0.tgz",
      "integrity": "sha512-ao9iwJblHgfXgsNVItbJecQkaBsT7Nis7+lppEimbspcuPntiKzQnQUEwrCksTh3cFpjHHjo34hbYvvafzXkuQ==",
      "requires": {
        "expand-contractions": "^1.0.1",
        "tracery-grammar": "^2.7.4",
        "wink-nlp-utils": "^2.0.5",
        "wink-pos-tagger": "^2.2.2",
        "yargs": "^14.2.0"
      }
    },
    "require-directory": {
      "version": "2.1.1",
      "resolved": "https://registry.npmjs.org/require-directory/-/require-directory-2.1.1.tgz",
      "integrity": "sha1-jGStX9MNqxyXbiNE/+f3kqam30I="
    },
    "require-main-filename": {
      "version": "2.0.0",
      "resolved": "https://registry.npmjs.org/require-main-filename/-/require-main-filename-2.0.0.tgz",
      "integrity": "sha512-NKN5kMDylKuldxYLSUfrbo5Tuzh4hd+2E8NPPX02mZtn1VuREQToYe/ZdlJy+J3uCpfaiGF05e7B8W0iXbQHmg=="
    },
    "restore-cursor": {
      "version": "3.1.0",
      "resolved": "https://registry.npmjs.org/restore-cursor/-/restore-cursor-3.1.0.tgz",
      "integrity": "sha512-l+sSefzHpj5qimhFSE5a8nufZYAM3sBSVMAPtYkmC+4EH2anSGaEMXSD0izRQbu9nfyQ9y5JrVmp7E8oZrUjvA==",
      "requires": {
        "onetime": "^5.1.0",
        "signal-exit": "^3.0.2"
      }
    },
    "set-blocking": {
      "version": "2.0.0",
      "resolved": "https://registry.npmjs.org/set-blocking/-/set-blocking-2.0.0.tgz",
      "integrity": "sha1-BF+XgtARrppoA93TgrJDkrPYkPc="
    },
    "signal-exit": {
      "version": "3.0.2",
      "resolved": "https://registry.npmjs.org/signal-exit/-/signal-exit-3.0.2.tgz",
      "integrity": "sha1-tf3AjxKH6hF4Yo5BXiUTK3NkbG0="
    },
    "string-width": {
      "version": "3.1.0",
      "resolved": "https://registry.npmjs.org/string-width/-/string-width-3.1.0.tgz",
      "integrity": "sha512-vafcv6KjVZKSgz06oM/H6GDBrAtz8vdhQakGjFIvNrHA6y3HCF1CInLy+QLq8dTJPQ1b+KDUqDFctkdRW44e1w==",
      "requires": {
        "emoji-regex": "^7.0.1",
        "is-fullwidth-code-point": "^2.0.0",
        "strip-ansi": "^5.1.0"
      }
    },
    "strip-ansi": {
      "version": "5.2.0",
      "resolved": "https://registry.npmjs.org/strip-ansi/-/strip-ansi-5.2.0.tgz",
      "integrity": "sha512-DuRs1gKbBqsMKIZlrffwlug8MHkcnpjs5VPmL1PAh+mA30U0DTotfDZ0d2UUsXpPmPmMMJ6W773MaA3J+lbiWA==",
      "requires": {
        "ansi-regex": "^4.1.0"
      }
    },
    "supports-color": {
      "version": "7.1.0",
      "resolved": "https://registry.npmjs.org/supports-color/-/supports-color-7.1.0.tgz",
      "integrity": "sha512-oRSIpR8pxT1Wr2FquTNnGet79b3BWljqOuoW/h4oBhxJ/HUbX5nX6JSruTkvXDCFMwDPvsaTTbvMLKZWSy0R5g==",
      "requires": {
        "has-flag": "^4.0.0"
      }
    },
    "tracery-grammar": {
      "version": "2.7.4",
      "resolved": "https://registry.npmjs.org/tracery-grammar/-/tracery-grammar-2.7.4.tgz",
      "integrity": "sha512-oFSEconWOSh73kYSkqU137OYa/7+UCohel6wEFHgNh2ito9lDmitz5xr9IU0OIrxjo7UPSdFMzgKAp1c/lsi6A=="
    },
    "wcwidth": {
      "version": "1.0.1",
      "resolved": "https://registry.npmjs.org/wcwidth/-/wcwidth-1.0.1.tgz",
      "integrity": "sha1-8LDc+RW8X/FSivrbLA4XtTLaL+g=",
      "requires": {
        "defaults": "^1.0.3"
      }
    },
    "which-module": {
      "version": "2.0.0",
      "resolved": "https://registry.npmjs.org/which-module/-/which-module-2.0.0.tgz",
      "integrity": "sha1-2e8H3Od7mQK4o6j6SzHD4/fm6Ho="
    },
    "wink-distance": {
      "version": "2.0.0",
      "resolved": "https://registry.npmjs.org/wink-distance/-/wink-distance-2.0.0.tgz",
      "integrity": "sha512-xJn1rbT/I23q0CZjyvQzzax2XAnCWsOcxowKJheiDflYawF7vG1uN1mDeLy0gmgw3IqRwg0HX1I/9NUW+purqg==",
      "requires": {
        "wink-helpers": "^2.0.0",
        "wink-jaro-distance": "^2.0.0"
      }
    },
    "wink-helpers": {
      "version": "2.0.0",
      "resolved": "https://registry.npmjs.org/wink-helpers/-/wink-helpers-2.0.0.tgz",
      "integrity": "sha512-I/ZzXrHcNRXuoeFJmp2vMVqDI6UCK02Tds1WP4kSGAmx520gjL1BObVzF7d2ps24tyHIly9ngdB2jwhlFUjPvg=="
    },
    "wink-jaro-distance": {
      "version": "2.0.0",
      "resolved": "https://registry.npmjs.org/wink-jaro-distance/-/wink-jaro-distance-2.0.0.tgz",
      "integrity": "sha512-9bcUaXCi9N8iYpGWbFkf83OsBkg17r4hEyxusEzl+nnReLRPqxhB9YNeRn3g54SYnVRNXP029lY3HDsbdxTAuA=="
    },
    "wink-lemmatizer": {
      "version": "3.0.1",
      "resolved": "https://registry.npmjs.org/wink-lemmatizer/-/wink-lemmatizer-3.0.1.tgz",
      "integrity": "sha512-i3UFptXN8zqRaum4CWBGAXkpK6gtPU9a0/M5U9t2epBd68sr9WX7mFWKfMuSAJoc9w0HXHZOXsuGvTRxjCSWPQ==",
      "requires": {
        "wink-lexicon": "^2.0.1",
        "wink-porter2-stemmer": "^2.0.0"
      }
    },
    "wink-lexicon": {
      "version": "2.1.1",
      "resolved": "https://registry.npmjs.org/wink-lexicon/-/wink-lexicon-2.1.1.tgz",
      "integrity": "sha512-By1dTZdq0dhHNJlFHjwvOV9tWeijS7T119gt7/JA59W6uVdRdvZ7Yz10TrIbqt70A3ew1ywDvhYwCYc4VuJ7XA=="
    },
    "wink-nlp-utils": {
      "version": "2.0.5",
      "resolved": "https://registry.npmjs.org/wink-nlp-utils/-/wink-nlp-utils-2.0.5.tgz",
      "integrity": "sha512-/vUHYmtAyC9+xwkymqVFS9BG9C+45ixhvfeXW29nH8Xc3gaxR8F8U0TQHvOq+1b6ajHQZ6Z0eyukRZf1gXqBJQ==",
      "requires": {
        "wink-distance": "^2.0.0",
        "wink-helpers": "^2.0.0",
        "wink-porter2-stemmer": "^2.0.0",
        "wink-tokenizer": "^5.2.1"
      }
    },
    "wink-porter2-stemmer": {
      "version": "2.0.1",
      "resolved": "https://registry.npmjs.org/wink-porter2-stemmer/-/wink-porter2-stemmer-2.0.1.tgz",
      "integrity": "sha512-0g+RkkqhRXFmSpJQStVXW5N/WsshWpJXsoDRW7DwVkGI2uDT6IBCoq3xdH5p6IHLaC6ygk7RWUsUx4alKxoagQ=="
    },
    "wink-pos-tagger": {
      "version": "2.2.2",
      "resolved": "https://registry.npmjs.org/wink-pos-tagger/-/wink-pos-tagger-2.2.2.tgz",
      "integrity": "sha512-+bhkwqwwChqWR75ksFKVJZQagwu404UmnvFjxr+OWZ02/ZJAv19N/iqDpMeYRQRxatk5N+W9pXIKEDJsVrzGyw==",
      "requires": {
        "wink-helpers": "^2.0.0",
        "wink-lemmatizer": "^3.0.1",
        "wink-lexicon": "^2.1.1",
        "wink-porter2-stemmer": "^2.0.0",
        "wink-tokenizer": "^5.2.1"
      }
    },
    "wink-tokenizer": {
      "version": "5.2.1",
      "resolved": "https://registry.npmjs.org/wink-tokenizer/-/wink-tokenizer-5.2.1.tgz",
      "integrity": "sha512-8WwUToAUvioN6zYCAgtgmqLZEgkLs9whJMVsd/l0NbWynRCz2HreP/YF9OzRS48H4kLIQCP0//ZvGw1cwVz2sg=="
    },
    "wrap-ansi": {
      "version": "5.1.0",
      "resolved": "https://registry.npmjs.org/wrap-ansi/-/wrap-ansi-5.1.0.tgz",
      "integrity": "sha512-QC1/iN/2/RPVJ5jYK8BGttj5z83LmSKmvbvrXPNCLZSEb32KKVDJDl/MOt2N01qU2H/FkzEa9PKto1BqDjtd7Q==",
      "requires": {
        "ansi-styles": "^3.2.0",
        "string-width": "^3.0.0",
        "strip-ansi": "^5.0.0"
      }
    },
    "y18n": {
      "version": "4.0.0",
      "resolved": "https://registry.npmjs.org/y18n/-/y18n-4.0.0.tgz",
      "integrity": "sha512-r9S/ZyXu/Xu9q1tYlpsLIsa3EeLXXk0VwlxqTcFRfg9EhMW+17kbt9G0NrgCmhGb5vT2hyhJZLfDGx+7+5Uj/w=="
    },
    "yargs": {
      "version": "14.2.2",
      "resolved": "https://registry.npmjs.org/yargs/-/yargs-14.2.2.tgz",
      "integrity": "sha512-/4ld+4VV5RnrynMhPZJ/ZpOCGSCeghMykZ3BhdFBDa9Wy/RH6uEGNWDJog+aUlq+9OM1CFTgtYRW5Is1Po9NOA==",
      "requires": {
        "cliui": "^5.0.0",
        "decamelize": "^1.2.0",
        "find-up": "^3.0.0",
        "get-caller-file": "^2.0.1",
        "require-directory": "^2.1.1",
        "require-main-filename": "^2.0.0",
        "set-blocking": "^2.0.0",
        "string-width": "^3.0.0",
        "which-module": "^2.0.0",
        "y18n": "^4.0.0",
        "yargs-parser": "^15.0.0"
      }
    },
    "yargs-parser": {
      "version": "15.0.0",
      "resolved": "https://registry.npmjs.org/yargs-parser/-/yargs-parser-15.0.0.tgz",
      "integrity": "sha512-xLTUnCMc4JhxrPEPUYD5IBR1mWCK/aT6+RJ/K29JY2y1vD+FhtgKK0AXRWvI262q3QSffAQuTouFIKUuHX89wQ==",
      "requires": {
        "camelcase": "^5.0.0",
        "decamelize": "^1.2.0"
      }
    }
  }
}
