{
  "name": "winkie",
  "version": "1.0.0",
  "lockfileVersion": 1,
  "requires": true,
  "dependencies": {
    "expand-contractions": {
      "version": "1.0.1",
      "resolved": "https://registry.npmjs.org/expand-contractions/-/expand-contractions-1.0.1.tgz",
      "integrity": "sha512-DPysDL6nIbqoNs7oo7Ud+ZKTmSZ9iCC2AUnVJmLw3+/YOafcYd2Wu+3NFpqD6ZTZeYhEoOb/2weCiLcn/WSwLA=="
    },
    "tracery-grammar": {
      "version": "2.7.3",
      "resolved": "https://registry.npmjs.org/tracery-grammar/-/tracery-grammar-2.7.3.tgz",
      "integrity": "sha1-Rj4F8Bf7aJHeS66n1GQZm2l6y+o="
    },
    "wink-distance": {
      "version": "2.0.0",
      "resolved": "https://registry.npmjs.org/wink-distance/-/wink-distance-2.0.0.tgz",
      "integrity": "sha512-xJn1rbT/I23q0CZjyvQzzax2XAnCWsOcxowKJheiDflYawF7vG1uN1mDeLy0gmgw3IqRwg0HX1I/9NUW+purqg==",
      "requires": {
        "wink-helpers": "^2.0.0",
        "wink-jaro-distance": "^2.0.0"
      }
    },
    "wink-helpers": {
      "version": "2.0.0",
      "resolved": "https://registry.npmjs.org/wink-helpers/-/wink-helpers-2.0.0.tgz",
      "integrity": "sha512-I/ZzXrHcNRXuoeFJmp2vMVqDI6UCK02Tds1WP4kSGAmx520gjL1BObVzF7d2ps24tyHIly9ngdB2jwhlFUjPvg=="
    },
    "wink-jaro-distance": {
      "version": "2.0.0",
      "resolved": "https://registry.npmjs.org/wink-jaro-distance/-/wink-jaro-distance-2.0.0.tgz",
      "integrity": "sha512-9bcUaXCi9N8iYpGWbFkf83OsBkg17r4hEyxusEzl+nnReLRPqxhB9YNeRn3g54SYnVRNXP029lY3HDsbdxTAuA=="
    },
    "wink-lemmatizer": {
      "version": "3.0.1",
      "resolved": "https://registry.npmjs.org/wink-lemmatizer/-/wink-lemmatizer-3.0.1.tgz",
      "integrity": "sha512-i3UFptXN8zqRaum4CWBGAXkpK6gtPU9a0/M5U9t2epBd68sr9WX7mFWKfMuSAJoc9w0HXHZOXsuGvTRxjCSWPQ==",
      "requires": {
        "wink-lexicon": "^2.0.1",
        "wink-porter2-stemmer": "^2.0.0"
      }
    },
    "wink-lexicon": {
      "version": "2.0.1",
      "resolved": "https://registry.npmjs.org/wink-lexicon/-/wink-lexicon-2.0.1.tgz",
      "integrity": "sha512-lrgCZB131gYfdQuaGdfzOjWN8ELl0Yfo3wnKkfSIC4lP91N2xzrqUC2J/diSsPwpM2eLExhmwL6nZrWpvxP28A=="
    },
    "wink-nlp-utils": {
      "version": "2.0.3",
      "resolved": "https://registry.npmjs.org/wink-nlp-utils/-/wink-nlp-utils-2.0.3.tgz",
      "integrity": "sha512-3j0o2+bB5rgyVApEW4kJxTOBbr8sNg6ZCCl1jasdvmVlV0l+HKl/hretrbixUx/+qdiRj/lR0bf9Tljr7UsdfQ==",
      "requires": {
        "wink-distance": "^2.0.0",
        "wink-helpers": "^2.0.0",
        "wink-porter2-stemmer": "^2.0.0",
        "wink-tokenizer": "^5.0.0"
      }
    },
    "wink-porter2-stemmer": {
      "version": "2.0.0",
      "resolved": "https://registry.npmjs.org/wink-porter2-stemmer/-/wink-porter2-stemmer-2.0.0.tgz",
      "integrity": "sha512-FWhpKShRnZvYWOWzbRs5r2IpfXOmYWkk0C5Fjj8nInBAH5mFtIRpla2mViM8iC0K3QreyMIARXSACf5xC8IAKg=="
    },
    "wink-pos-tagger": {
      "version": "2.0.0",
      "resolved": "https://registry.npmjs.org/wink-pos-tagger/-/wink-pos-tagger-2.0.0.tgz",
      "integrity": "sha512-hzkH3kKvnW99zHQwsa35jOtvNAxSE9gDVMZdgZSDGjEbHBSrtezDu8MajERdIFDHAY/2qMoHvrOBP5JwIy15xg==",
      "requires": {
        "wink-helpers": "^2.0.0",
        "wink-lemmatizer": "^3.0.1",
        "wink-lexicon": "^2.0.1",
        "wink-porter2-stemmer": "^2.0.0",
        "wink-tokenizer": "^5.0.0"
      }
    },
    "wink-tokenizer": {
      "version": "5.0.0",
      "resolved": "https://registry.npmjs.org/wink-tokenizer/-/wink-tokenizer-5.0.0.tgz",
      "integrity": "sha512-f3qI7VqBRJgiJDfUp5zPxCIbj9ZHziAnG4RpH0oS/SSoyMrVq7xSSwwT9l0gzATAEkb7qRfufMnvu68csZC6og=="
    }
  }
}
